<?xml version="1.0" encoding="utf-8"?>
<Project ToolsVersion="4.0" xmlns="http://schemas.microsoft.com/developer/msbuild/2003">
  <ItemGroup>
    <Filter Include="Source Files">
      <UniqueIdentifier>{4FC737F1-C7A5-4376-A066-2A32D752A2FF}</UniqueIdentifier>
      <Extensions>cpp;c;cc;cxx;c++;def;odl;idl;hpj;bat;asm;asmx</Extensions>
    </Filter>
    <Filter Include="Header Files">
      <UniqueIdentifier>{93995380-89BD-4b04-88EB-625FBE52EBFB}</UniqueIdentifier>
      <Extensions>h;hh;hpp;hxx;h++;hm;inl;inc;ipp;xsd</Extensions>
    </Filter>
    <Filter Include="Resource Files">
      <UniqueIdentifier>{67DA6AB6-F800-4c08-8B7A-83BB121AAD01}</UniqueIdentifier>
      <Extensions>rc;ico;cur;bmp;dlg;rc2;rct;bin;rgs;gif;jpg;jpeg;jpe;resx;tiff;tif;png;wav;mfcribbon-ms</Extensions>
    </Filter>
  </ItemGroup>
  <ItemGroup>
    <ClCompile Include="src\Arithmetic\arr1_easy.cpp">
      <Filter>Source Files</Filter>
    </ClCompile>
    <ClCompile Include="src\Arithmetic\arr2_sort_easy.cpp">
      <Filter>Source Files</Filter>
    </ClCompile>
    <ClCompile Include="src\Arithmetic\data_struct.cpp">
      <Filter>Source Files</Filter>
    </ClCompile>
    <ClCompile Include="src\Arithmetic\sort.cpp">
      <Filter>Source Files</Filter>
    </ClCompile>
    <ClCompile Include="src\Arithmetic\test.cpp">
      <Filter>Source Files</Filter>
    </ClCompile>
    <ClCompile Include="src\array\arr1_mid.cpp">
      <Filter>Source Files</Filter>
    </ClCompile>
    <ClCompile Include="src\array\arr2_hard.cpp">
      <Filter>Source Files</Filter>
    </ClCompile>
    <ClCompile Include="src\array\arr3_mid.cpp">
      <Filter>Source Files</Filter>
    </ClCompile>
    <ClCompile Include="src\chooseStracture\the1.cpp">
      <Filter>Source Files</Filter>
    </ClCompile>
    <ClCompile Include="src\chooseStracture\the2.cpp">
      <Filter>Source Files</Filter>
    </ClCompile>
    <ClCompile Include="src\chooseStracture\the3.cpp">
      <Filter>Source Files</Filter>
    </ClCompile>
    <ClCompile Include="src\circulation\loop1_mid.cpp">
      <Filter>Source Files</Filter>
    </ClCompile>
    <ClCompile Include="src\class\class1.cpp">
      <Filter>Source Files</Filter>
    </ClCompile>
    <ClCompile Include="src\class\MiddleSort1.cpp">
      <Filter>Source Files</Filter>
    </ClCompile>
    <ClCompile Include="src\class\multipleTable.cpp">
      <Filter>Source Files</Filter>
    </ClCompile>
    <ClCompile Include="src\experience\exp3128.cpp">
      <Filter>Source Files</Filter>
    </ClCompile>
    <ClCompile Include="src\experience\exp4641.cpp">
      <Filter>Source Files</Filter>
    </ClCompile>
    <ClCompile Include="src\experience\exp4642.cpp">
      <Filter>Source Files</Filter>
    </ClCompile>
    <ClCompile Include="src\experience\exp4643.cpp">
      <Filter>Source Files</Filter>
    </ClCompile>
    <ClCompile Include="src\experience\exp4644.cpp">
      <Filter>Source Files</Filter>
    </ClCompile>
    <ClCompile Include="src\experience\exp4648.cpp">
      <Filter>Source Files</Filter>
    </ClCompile>
    <ClCompile Include="src\experience\exp4649.cpp">
      <Filter>Source Files</Filter>
    </ClCompile>
    <ClCompile Include="src\experience\exp4650.cpp">
      <Filter>Source Files</Filter>
    </ClCompile>
    <ClCompile Include="src\experience\exp4651.cpp">
      <Filter>Source Files</Filter>
    </ClCompile>
    <ClCompile Include="src\experience\exp4652.cpp">
      <Filter>Source Files</Filter>
    </ClCompile>
    <ClCompile Include="src\experience\exp4654.cpp">
      <Filter>Source Files</Filter>
    </ClCompile>
    <ClCompile Include="src\experience\exp4655.cpp">
      <Filter>Source Files</Filter>
    </ClCompile>
    <ClCompile Include="src\experience\exp4656.cpp">
      <Filter>Source Files</Filter>
    </ClCompile>
    <ClCompile Include="src\experience\exp4657_4.2公约数.cpp">
      <Filter>Source Files</Filter>
    </ClCompile>
    <ClCompile Include="src\experience\exp4658.cpp">
      <Filter>Source Files</Filter>
    </ClCompile>
    <ClCompile Include="src\experience\exp4659.cpp">
      <Filter>Source Files</Filter>
    </ClCompile>
    <ClCompile Include="src\experience\exp4660.cpp">
      <Filter>Source Files</Filter>
    </ClCompile>
    <ClCompile Include="src\experience\exp4661.cpp">
      <Filter>Source Files</Filter>
    </ClCompile>
    <ClCompile Include="src\experience\exp4662.cpp">
      <Filter>Source Files</Filter>
    </ClCompile>
    <ClCompile Include="src\experience\exp4663.cpp">
      <Filter>Source Files</Filter>
    </ClCompile>
    <ClCompile Include="src\experience\exp4664二维数组.cpp">
      <Filter>Source Files</Filter>
    </ClCompile>
    <ClCompile Include="src\experience\exp4665结构体成绩统计.cpp">
      <Filter>Source Files</Filter>
    </ClCompile>
    <ClCompile Include="src\experience\exp4666字符串加解密.cpp">
      <Filter>Source Files</Filter>
    </ClCompile>
    <ClCompile Include="src\experience\exp4667字符串.cpp">
      <Filter>Source Files</Filter>
    </ClCompile>
    <ClCompile Include="src\experience\exp4668字符串大小写_回文.cpp">
      <Filter>Source Files</Filter>
    </ClCompile>
    <ClCompile Include="src\experience\exp4672.cpp">
      <Filter>Source Files</Filter>
    </ClCompile>
    <ClCompile Include="src\experience\exp4674_9.2.cpp">
      <Filter>Source Files</Filter>
    </ClCompile>
    <ClCompile Include="src\function\func1.cpp">
      <Filter>Source Files</Filter>
    </ClCompile>
    <ClCompile Include="src\function\func2_hard.cpp">
      <Filter>Source Files</Filter>
    </ClCompile>
    <ClCompile Include="src\function\func3_suHard.cpp">
      <Filter>Source Files</Filter>
    </ClCompile>
    <ClCompile Include="src\function\func递归行列式.cpp">
      <Filter>Source Files</Filter>
    </ClCompile>
    <ClCompile Include="src\matrix\matrix_hard.cpp">
      <Filter>Source Files</Filter>
    </ClCompile>
    <ClCompile Include="src\string\str1_hard.cpp">
      <Filter>Source Files</Filter>
    </ClCompile>
    <ClCompile Include="src\experience\exp4670_8.2.cpp">
      <Filter>Source Files</Filter>
    </ClCompile>
    <ClCompile Include="src\experience\exp4671_8.3.cpp">
      <Filter>Source Files</Filter>
    </ClCompile>
    <ClCompile Include="src\experience\exp4669_8.1.cpp">
      <Filter>Source Files</Filter>
    </ClCompile>
    <ClCompile Include="src\pointer\pointer_middle_2.cpp">
      <Filter>Source Files</Filter>
    </ClCompile>
    <ClCompile Include="src\pointer\pointer_middle_1.cpp">
      <Filter>Source Files</Filter>
    </ClCompile>
    <ClCompile Include="src\string\str2_middle.cpp">
      <Filter>Source Files</Filter>
    </ClCompile>
    <ClCompile Include="src\string\str3_middle.cpp">
      <Filter>Source Files</Filter>
    </ClCompile>
    <ClCompile Include="src\string\str4_middle.cpp">
      <Filter>Source Files</Filter>
    </ClCompile>
    <ClCompile Include="src\function\func4_middle_素数.cpp">
      <Filter>Source Files</Filter>
    </ClCompile>
    <ClCompile Include="src\class_obj\class_obj1_middle_字符串连接.cpp">
      <Filter>Source Files</Filter>
    </ClCompile>
    <ClCompile Include="src\pointer\pointer3_middle_交换abc.cpp">
      <Filter>Source Files</Filter>
    </ClCompile>
    <ClCompile Include="src\pointer\pointer4_middle_偶数因子.cpp">
      <Filter>Source Files</Filter>
    </ClCompile>
  </ItemGroup>
</Project>